
Microsoft Visual Studio Solution File, Format Version 12.00
# Visual Studio Version 17
VisualStudioVersion = 17.8.34330.188
MinimumVisualStudioVersion = 10.0.40219.1
Project("{FAE04EC0-301F-11D3-BF4B-00C04F79EFBC}") = "CloudDeploymentS1", "CloudDeploymentS1\CloudDeploymentS1.csproj", "{DD0E6B1A-6187-4413-82B6-E2EFA96C70B9}"
EndProject
Global
	GlobalSection(SolutionConfigurationPlatforms) = preSolution
		Debug|Any CPU = Debug|Any CPU
		Release|Any CPU = Release|Any CPU
	EndGlobalSection
	GlobalSection(ProjectConfigurationPlatforms) = postSolution
		{DD0E6B1A-6187-4413-82B6-E2EFA96C70B9}.Debug|Any CPU.ActiveCfg = Debug|Any CPU
		{DD0E6B1A-6187-4413-82B6-E2EFA96C70B9}.Debug|Any CPU.Build.0 = Debug|Any CPU
		{DD0E6B1A-6187-4413-82B6-E2EFA96C70B9}.Release|Any CPU.ActiveCfg = Release|Any CPU
		{DD0E6B1A-6187-4413-82B6-E2EFA96C70B9}.Release|Any CPU.Build.0 = Release|Any CPU
	EndGlobalSection
	GlobalSection(SolutionProperties) = preSolution
		HideSolutionNode = FALSE
	EndGlobalSection
	GlobalSection(ExtensibilityGlobals) = postSolution
		SolutionGuid = {CEB192B1-2862-4031-9C42-5B5DC34072EE}
	EndGlobalSection
EndGlobal
